// !$*UTF8*$!
{
	archiveVersion = 1;
	classes = {
	};
	objectVersion = 56;
	objects = {

/* Begin PBXBuildFile section */
		133B4F52EBC8C82EC6A1393E /* Pods_NoFlyZoneMap.framework in Frameworks */ = {isa = PBXBuildFile; fileRef = 9C4D86C168ECDBF2EB2E7096 /* Pods_NoFlyZoneMap.framework */; };
		3F165544299AB721007BCD71 /* AppDelegate.swift in Sources */ = {isa = PBXBuildFile; fileRef = 3F165543299AB721007BCD71 /* AppDelegate.swift */; };
		3F165546299AB721007BCD71 /* SceneDelegate.swift in Sources */ = {isa = PBXBuildFile; fileRef = 3F165545299AB721007BCD71 /* SceneDelegate.swift */; };
		3F16554B299AB721007BCD71 /* Main.storyboard in Resources */ = {isa = PBXBuildFile; fileRef = 3F165549299AB721007BCD71 /* Main.storyboard */; };
		3F16554D299AB722007BCD71 /* Assets.xcassets in Resources */ = {isa = PBXBuildFile; fileRef = 3F16554C299AB722007BCD71 /* Assets.xcassets */; };
		3F165550299AB722007BCD71 /* LaunchScreen.storyboard in Resources */ = {isa = PBXBuildFile; fileRef = 3F16554E299AB722007BCD71 /* LaunchScreen.storyboard */; };
		3F165558299AB7A4007BCD71 /* NoFlyZoneViewController.swift in Sources */ = {isa = PBXBuildFile; fileRef = 3F165557299AB7A4007BCD71 /* NoFlyZoneViewController.swift */; };
		3F165562299AB9F5007BCD71 /* MapLegendView.xib in Resources */ = {isa = PBXBuildFile; fileRef = 3F165560299AB9F5007BCD71 /* MapLegendView.xib */; };
		3F165563299AB9F5007BCD71 /* MapLegendView.swift in Sources */ = {isa = PBXBuildFile; fileRef = 3F165561299AB9F5007BCD71 /* MapLegendView.swift */; };
		3F16556A299ABFA4007BCD71 /* MapViewModel.swift in Sources */ = {isa = PBXBuildFile; fileRef = 3F165569299ABFA4007BCD71 /* MapViewModel.swift */; };
		3F2D8FF5299B185200E8F87D /* us_uk_canada_parks.geojson in Resources */ = {isa = PBXBuildFile; fileRef = 3F2D8FF4299B185200E8F87D /* us_uk_canada_parks.geojson */; };
		3FAA6DB1299AFC0B00B15F88 /* airports.geojson in Resources */ = {isa = PBXBuildFile; fileRef = 3FAA6DB0299AFC0B00B15F88 /* airports.geojson */; };
		3FAA6DB7299B055A00B15F88 /* uas_reduced.geojson in Resources */ = {isa = PBXBuildFile; fileRef = 3FAA6DB6299B055A00B15F88 /* uas_reduced.geojson */; };
/* End PBXBuildFile section */

/* Begin PBXFileReference section */
		3F165540299AB721007BCD71 /* NoFlyZoneMap.app */ = {isa = PBXFileReference; explicitFileType = wrapper.application; includeInIndex = 0; path = NoFlyZoneMap.app; sourceTree = BUILT_PRODUCTS_DIR; };
		3F165543299AB721007BCD71 /* AppDelegate.swift */ = {isa = PBXFileReference; lastKnownFileType = sourcecode.swift; path = AppDelegate.swift; sourceTree = "<group>"; };
		3F165545299AB721007BCD71 /* SceneDelegate.swift */ = {isa = PBXFileReference; lastKnownFileType = sourcecode.swift; path = SceneDelegate.swift; sourceTree = "<group>"; };
		3F16554A299AB721007BCD71 /* Base */ = {isa = PBXFileReference; lastKnownFileType = file.storyboard; name = Base; path = Base.lproj/Main.storyboard; sourceTree = "<group>"; };
		3F16554C299AB722007BCD71 /* Assets.xcassets */ = {isa = PBXFileReference; lastKnownFileType = folder.assetcatalog; path = Assets.xcassets; sourceTree = "<group>"; };
		3F16554F299AB722007BCD71 /* Base */ = {isa = PBXFileReference; lastKnownFileType = file.storyboard; name = Base; path = Base.lproj/LaunchScreen.storyboard; sourceTree = "<group>"; };
		3F165551299AB722007BCD71 /* Info.plist */ = {isa = PBXFileReference; lastKnownFileType = text.plist.xml; path = Info.plist; sourceTree = "<group>"; };
		3F165557299AB7A4007BCD71 /* NoFlyZoneViewController.swift */ = {isa = PBXFileReference; lastKnownFileType = sourcecode.swift; path = NoFlyZoneViewController.swift; sourceTree = "<group>"; };
		3F165560299AB9F5007BCD71 /* MapLegendView.xib */ = {isa = PBXFileReference; fileEncoding = 4; lastKnownFileType = file.xib; path = MapLegendView.xib; sourceTree = "<group>"; };
		3F165561299AB9F5007BCD71 /* MapLegendView.swift */ = {isa = PBXFileReference; fileEncoding = 4; lastKnownFileType = sourcecode.swift; path = MapLegendView.swift; sourceTree = "<group>"; };
		3F165569299ABFA4007BCD71 /* MapViewModel.swift */ = {isa = PBXFileReference; fileEncoding = 4; lastKnownFileType = sourcecode.swift; path = MapViewModel.swift; sourceTree = "<group>"; };
		3F2D8FF4299B185200E8F87D /* us_uk_canada_parks.geojson */ = {isa = PBXFileReference; fileEncoding = 4; lastKnownFileType = text; path = us_uk_canada_parks.geojson; sourceTree = "<group>"; };
		3FAA6DB0299AFC0B00B15F88 /* airports.geojson */ = {isa = PBXFileReference; fileEncoding = 4; lastKnownFileType = text; path = airports.geojson; sourceTree = "<group>"; };
		3FAA6DB6299B055A00B15F88 /* uas_reduced.geojson */ = {isa = PBXFileReference; fileEncoding = 4; lastKnownFileType = text; path = uas_reduced.geojson; sourceTree = "<group>"; };
		5E89EBE5EBE95857CFF1AF0C /* Pods-NoFlyZoneMap.release.xcconfig */ = {isa = PBXFileReference; includeInIndex = 1; lastKnownFileType = text.xcconfig; name = "Pods-NoFlyZoneMap.release.xcconfig"; path = "Target Support Files/Pods-NoFlyZoneMap/Pods-NoFlyZoneMap.release.xcconfig"; sourceTree = "<group>"; };
		9C4D86C168ECDBF2EB2E7096 /* Pods_NoFlyZoneMap.framework */ = {isa = PBXFileReference; explicitFileType = wrapper.framework; includeInIndex = 0; path = Pods_NoFlyZoneMap.framework; sourceTree = BUILT_PRODUCTS_DIR; };
		FE214F15FBCEF2711D089479 /* Pods-NoFlyZoneMap.debug.xcconfig */ = {isa = PBXFileReference; includeInIndex = 1; lastKnownFileType = text.xcconfig; name = "Pods-NoFlyZoneMap.debug.xcconfig"; path = "Target Support Files/Pods-NoFlyZoneMap/Pods-NoFlyZoneMap.debug.xcconfig"; sourceTree = "<group>"; };
/* End PBXFileReference section */

/* Begin PBXFrameworksBuildPhase section */
		3F16553D299AB721007BCD71 /* Frameworks */ = {
			isa = PBXFrameworksBuildPhase;
			buildActionMask = 2147483647;
			files = (
				133B4F52EBC8C82EC6A1393E /* Pods_NoFlyZoneMap.framework in Frameworks */,
			);
			runOnlyForDeploymentPostprocessing = 0;
		};
/* End PBXFrameworksBuildPhase section */

/* Begin PBXGroup section */
		3F165537299AB721007BCD71 = {
			isa = PBXGroup;
			children = (
				3F165542299AB721007BCD71 /* NoFlyZoneMap */,
				3F165541299AB721007BCD71 /* Products */,
				879E9EC23B0438AAD7843F88 /* Pods */,
				F61B07EE0536DFC6C03E78D1 /* Frameworks */,
			);
			sourceTree = "<group>";
		};
		3F165541299AB721007BCD71 /* Products */ = {
			isa = PBXGroup;
			children = (
				3F165540299AB721007BCD71 /* NoFlyZoneMap.app */,
			);
			name = Products;
			sourceTree = "<group>";
		};
		3F165542299AB721007BCD71 /* NoFlyZoneMap */ = {
			isa = PBXGroup;
			children = (
				3F165543299AB721007BCD71 /* AppDelegate.swift */,
				3F165545299AB721007BCD71 /* SceneDelegate.swift */,
				3F165557299AB7A4007BCD71 /* NoFlyZoneViewController.swift */,
				3F165564299ABA49007BCD71 /* HelperFiles */,
				3F2D8FF2299B17D200E8F87D /* GeoJsonData */,
				3F165549299AB721007BCD71 /* Main.storyboard */,
				3F16554C299AB722007BCD71 /* Assets.xcassets */,
				3F16554E299AB722007BCD71 /* LaunchScreen.storyboard */,
				3F165551299AB722007BCD71 /* Info.plist */,
			);
			path = NoFlyZoneMap;
			sourceTree = "<group>";
		};
		3F165564299ABA49007BCD71 /* HelperFiles */ = {
			isa = PBXGroup;
			children = (
				3F165569299ABFA4007BCD71 /* MapViewModel.swift */,
				3F165561299AB9F5007BCD71 /* MapLegendView.swift */,
				3F165560299AB9F5007BCD71 /* MapLegendView.xib */,
			);
			path = HelperFiles;
			sourceTree = "<group>";
		};
		3F2D8FF2299B17D200E8F87D /* GeoJsonData */ = {
			isa = PBXGroup;
			children = (
				3F2D8FF4299B185200E8F87D /* us_uk_canada_parks.geojson */,
				3FAA6DB6299B055A00B15F88 /* uas_reduced.geojson */,
				3FAA6DB0299AFC0B00B15F88 /* airports.geojson */,
			);
			path = GeoJsonData;
			sourceTree = "<group>";
		};
		879E9EC23B0438AAD7843F88 /* Pods */ = {
			isa = PBXGroup;
			children = (
				FE214F15FBCEF2711D089479 /* Pods-NoFlyZoneMap.debug.xcconfig */,
				5E89EBE5EBE95857CFF1AF0C /* Pods-NoFlyZoneMap.release.xcconfig */,
			);
			path = Pods;
			sourceTree = "<group>";
		};
		F61B07EE0536DFC6C03E78D1 /* Frameworks */ = {
			isa = PBXGroup;
			children = (
				9C4D86C168ECDBF2EB2E7096 /* Pods_NoFlyZoneMap.framework */,
			);
			name = Frameworks;
			sourceTree = "<group>";
		};
/* End PBXGroup section */

/* Begin PBXNativeTarget section */
		3F16553F299AB721007BCD71 /* NoFlyZoneMap */ = {
			isa = PBXNativeTarget;
			buildConfigurationList = 3F165554299AB722007BCD71 /* Build configuration list for PBXNativeTarget "NoFlyZoneMap" */;
			buildPhases = (
				78B6A0632FCC13EAA727B492 /* [CP] Check Pods Manifest.lock */,
				3F16553C299AB721007BCD71 /* Sources */,
				3F16553D299AB721007BCD71 /* Frameworks */,
				3F16553E299AB721007BCD71 /* Resources */,
				D1F852F8416CE16B9E5D6E47 /* [CP] Embed Pods Frameworks */,
			);
			buildRules = (
			);
			dependencies = (
			);
			name = NoFlyZoneMap;
			productName = NoFlyZoneMap;
			productReference = 3F165540299AB721007BCD71 /* NoFlyZoneMap.app */;
			productType = "com.apple.product-type.application";
		};
/* End PBXNativeTarget section */

/* Begin PBXProject section */
		3F165538299AB721007BCD71 /* Project object */ = {
			isa = PBXProject;
			attributes = {
				BuildIndependentTargetsInParallel = 1;
				LastSwiftUpdateCheck = 1420;
				LastUpgradeCheck = 1420;
				TargetAttributes = {
					3F16553F299AB721007BCD71 = {
						CreatedOnToolsVersion = 14.2;
					};
				};
			};
			buildConfigurationList = 3F16553B299AB721007BCD71 /* Build configuration list for PBXProject "NoFlyZoneMap" */;
			compatibilityVersion = "Xcode 14.0";
			developmentRegion = en;
			hasScannedForEncodings = 0;
			knownRegions = (
				en,
				Base,
			);
			mainGroup = 3F165537299AB721007BCD71;
			productRefGroup = 3F165541299AB721007BCD71 /* Products */;
			projectDirPath = "";
			projectRoot = "";
			targets = (
				3F16553F299AB721007BCD71 /* NoFlyZoneMap */,
			);
		};
/* End PBXProject section */

/* Begin PBXResourcesBuildPhase section */
		3F16553E299AB721007BCD71 /* Resources */ = {
			isa = PBXResourcesBuildPhase;
			buildActionMask = 2147483647;
			files = (
				3FAA6DB1299AFC0B00B15F88 /* airports.geojson in Resources */,
				3F165550299AB722007BCD71 /* LaunchScreen.storyboard in Resources */,
				3F165562299AB9F5007BCD71 /* MapLegendView.xib in Resources */,
				3F2D8FF5299B185200E8F87D /* us_uk_canada_parks.geojson in Resources */,
				3F16554D299AB722007BCD71 /* Assets.xcassets in Resources */,
				3FAA6DB7299B055A00B15F88 /* uas_reduced.geojson in Resources */,
				3F16554B299AB721007BCD71 /* Main.storyboard in Resources */,
			);
			runOnlyForDeploymentPostprocessing = 0;
		};
/* End PBXResourcesBuildPhase section */

/* Begin PBXShellScriptBuildPhase section */
		78B6A0632FCC13EAA727B492 /* [CP] Check Pods Manifest.lock */ = {
			isa = PBXShellScriptBuildPhase;
			buildActionMask = 2147483647;
			files = (
			);
			inputFileListPaths = (
			);
			inputPaths = (
				"${PODS_PODFILE_DIR_PATH}/Podfile.lock",
				"${PODS_ROOT}/Manifest.lock",
			);
			name = "[CP] Check Pods Manifest.lock";
			outputFileListPaths = (
			);
			outputPaths = (
				"$(DERIVED_FILE_DIR)/Pods-NoFlyZoneMap-checkManifestLockResult.txt",
			);
			runOnlyForDeploymentPostprocessing = 0;
			shellPath = /bin/sh;
			shellScript = "diff \"${PODS_PODFILE_DIR_PATH}/Podfile.lock\" \"${PODS_ROOT}/Manifest.lock\" > /dev/null\nif [ $? != 0 ] ; then\n    # print error to STDERR\n    echo \"error: The sandbox is not in sync with the Podfile.lock. Run 'pod install' or update your CocoaPods installation.\" >&2\n    exit 1\nfi\n# This output is used by Xcode 'outputs' to avoid re-running this script phase.\necho \"SUCCESS\" > \"${SCRIPT_OUTPUT_FILE_0}\"\n";
			showEnvVarsInLog = 0;
		};
		D1F852F8416CE16B9E5D6E47 /* [CP] Embed Pods Frameworks */ = {
			isa = PBXShellScriptBuildPhase;
			buildActionMask = 2147483647;
			files = (
			);
			inputFileListPaths = (
				"${PODS_ROOT}/Target Support Files/Pods-NoFlyZoneMap/Pods-NoFlyZoneMap-frameworks-${CONFIGURATION}-input-files.xcfilelist",
			);
			name = "[CP] Embed Pods Frameworks";
			outputFileListPaths = (
				"${PODS_ROOT}/Target Support Files/Pods-NoFlyZoneMap/Pods-NoFlyZoneMap-frameworks-${CONFIGURATION}-output-files.xcfilelist",
			);
			runOnlyForDeploymentPostprocessing = 0;
			shellPath = /bin/sh;
			shellScript = "\"${PODS_ROOT}/Target Support Files/Pods-NoFlyZoneMap/Pods-NoFlyZoneMap-frameworks.sh\"\n";
			showEnvVarsInLog = 0;
		};
/* End PBXShellScriptBuildPhase section */

/* Begin PBXSourcesBuildPhase section */
		3F16553C299AB721007BCD71 /* Sources */ = {
			isa = PBXSourcesBuildPhase;
			buildActionMask = 2147483647;
			files = (
				3F165544299AB721007BCD71 /* AppDelegate.swift in Sources */,
				3F16556A299ABFA4007BCD71 /* MapViewModel.swift in Sources */,
				3F165546299AB721007BCD71 /* SceneDelegate.swift in Sources */,
				3F165563299AB9F5007BCD71 /* MapLegendView.swift in Sources */,
				3F165558299AB7A4007BCD71 /* NoFlyZoneViewController.swift in Sources */,
			);
			runOnlyForDeploymentPostprocessing = 0;
		};
/* End PBXSourcesBuildPhase section */

/* Begin PBXVariantGroup section */
		3F165549299AB721007BCD71 /* Main.storyboard */ = {
			isa = PBXVariantGroup;
			children = (
				3F16554A299AB721007BCD71 /* Base */,
			);
			name = Main.storyboard;
			sourceTree = "<group>";
		};
		3F16554E299AB722007BCD71 /* LaunchScreen.storyboard */ = {
			isa = PBXVariantGroup;
			children = (
				3F16554F299AB722007BCD71 /* Base */,
			);
			name = LaunchScreen.storyboard;
			sourceTree = "<group>";
		};
/* End PBXVariantGroup section */

/* Begin XCBuildConfiguration section */
		3F165552299AB722007BCD71 /* Debug */ = {
			isa = XCBuildConfiguration;
			buildSettings = {
				ALWAYS_SEARCH_USER_PATHS = NO;
				CLANG_ANALYZER_NONNULL = YES;
				CLANG_ANALYZER_NUMBER_OBJECT_CONVERSION = YES_AGGRESSIVE;
				CLANG_CXX_LANGUAGE_STANDARD = "gnu++20";
				CLANG_ENABLE_MODULES = YES;
				CLANG_ENABLE_OBJC_ARC = YES;
				CLANG_ENABLE_OBJC_WEAK = YES;
				CLANG_WARN_BLOCK_CAPTURE_AUTORELEASING = YES;
				CLANG_WARN_BOOL_CONVERSION = YES;
				CLANG_WARN_COMMA = YES;
				CLANG_WARN_CONSTANT_CONVERSION = YES;
				CLANG_WARN_DEPRECATED_OBJC_IMPLEMENTATIONS = YES;
				CLANG_WARN_DIRECT_OBJC_ISA_USAGE = YES_ERROR;
				CLANG_WARN_DOCUMENTATION_COMMENTS = YES;
				CLANG_WARN_EMPTY_BODY = YES;
				CLANG_WARN_ENUM_CONVERSION = YES;
				CLANG_WARN_INFINITE_RECURSION = YES;
				CLANG_WARN_INT_CONVERSION = YES;
				CLANG_WARN_NON_LITERAL_NULL_CONVERSION = YES;
				CLANG_WARN_OBJC_IMPLICIT_RETAIN_SELF = YES;
				CLANG_WARN_OBJC_LITERAL_CONVERSION = YES;
				CLANG_WARN_OBJC_ROOT_CLASS = YES_ERROR;
				CLANG_WARN_QUOTED_INCLUDE_IN_FRAMEWORK_HEADER = YES;
				CLANG_WARN_RANGE_LOOP_ANALYSIS = YES;
				CLANG_WARN_STRICT_PROTOTYPES = YES;
				CLANG_WARN_SUSPICIOUS_MOVE = YES;
				CLANG_WARN_UNGUARDED_AVAILABILITY = YES_AGGRESSIVE;
				CLANG_WARN_UNREACHABLE_CODE = YES;
				CLANG_WARN__DUPLICATE_METHOD_MATCH = YES;
				COPY_PHASE_STRIP = NO;
				DEBUG_INFORMATION_FORMAT = dwarf;
				ENABLE_STRICT_OBJC_MSGSEND = YES;
				ENABLE_TESTABILITY = YES;
				GCC_C_LANGUAGE_STANDARD = gnu11;
				GCC_DYNAMIC_NO_PIC = NO;
				GCC_NO_COMMON_BLOCKS = YES;
				GCC_OPTIMIZATION_LEVEL = 0;
				GCC_PREPROCESSOR_DEFINITIONS = (
					"DEBUG=1",
					"$(inherited)",
				);
				GCC_WARN_64_TO_32_BIT_CONVERSION = YES;
				GCC_WARN_ABOUT_RETURN_TYPE = YES_ERROR;
				GCC_WARN_UNDECLARED_SELECTOR = YES;
				GCC_WARN_UNINITIALIZED_AUTOS = YES_AGGRESSIVE;
				GCC_WARN_UNUSED_FUNCTION = YES;
				GCC_WARN_UNUSED_VARIABLE = YES;
				IPHONEOS_DEPLOYMENT_TARGET = 16.2;
				MTL_ENABLE_DEBUG_INFO = INCLUDE_SOURCE;
				MTL_FAST_MATH = YES;
				ONLY_ACTIVE_ARCH = YES;
				SDKROOT = iphoneos;
				SWIFT_ACTIVE_COMPILATION_CONDITIONS = DEBUG;
				SWIFT_OPTIMIZATION_LEVEL = "-Onone";
			};
			name = Debug;
		};
		3F165553299AB722007BCD71 /* Release */ = {
			isa = XCBuildConfiguration;
			buildSettings = {
				ALWAYS_SEARCH_USER_PATHS = NO;
				CLANG_ANALYZER_NONNULL = YES;
				CLANG_ANALYZER_NUMBER_OBJECT_CONVERSION = YES_AGGRESSIVE;
				CLANG_CXX_LANGUAGE_STANDARD = "gnu++20";
				CLANG_ENABLE_MODULES = YES;
				CLANG_ENABLE_OBJC_ARC = YES;
				CLANG_ENABLE_OBJC_WEAK = YES;
				CLANG_WARN_BLOCK_CAPTURE_AUTORELEASING = YES;
				CLANG_WARN_BOOL_CONVERSION = YES;
				CLANG_WARN_COMMA = YES;
				CLANG_WARN_CONSTANT_CONVERSION = YES;
				CLANG_WARN_DEPRECATED_OBJC_IMPLEMENTATIONS = YES;
				CLANG_WARN_DIRECT_OBJC_ISA_USAGE = YES_ERROR;
				CLANG_WARN_DOCUMENTATION_COMMENTS = YES;
				CLANG_WARN_EMPTY_BODY = YES;
				CLANG_WARN_ENUM_CONVERSION = YES;
				CLANG_WARN_INFINITE_RECURSION = YES;
				CLANG_WARN_INT_CONVERSION = YES;
				CLANG_WARN_NON_LITERAL_NULL_CONVERSION = YES;
				CLANG_WARN_OBJC_IMPLICIT_RETAIN_SELF = YES;
				CLANG_WARN_OBJC_LITERAL_CONVERSION = YES;
				CLANG_WARN_OBJC_ROOT_CLASS = YES_ERROR;
				CLANG_WARN_QUOTED_INCLUDE_IN_FRAMEWORK_HEADER = YES;
				CLANG_WARN_RANGE_LOOP_ANALYSIS = YES;
				CLANG_WARN_STRICT_PROTOTYPES = YES;
				CLANG_WARN_SUSPICIOUS_MOVE = YES;
				CLANG_WARN_UNGUARDED_AVAILABILITY = YES_AGGRESSIVE;
				CLANG_WARN_UNREACHABLE_CODE = YES;
				CLANG_WARN__DUPLICATE_METHOD_MATCH = YES;
				COPY_PHASE_STRIP = NO;
				DEBUG_INFORMATION_FORMAT = "dwarf-with-dsym";
				ENABLE_NS_ASSERTIONS = NO;
				ENABLE_STRICT_OBJC_MSGSEND = YES;
				GCC_C_LANGUAGE_STANDARD = gnu11;
				GCC_NO_COMMON_BLOCKS = YES;
				GCC_WARN_64_TO_32_BIT_CONVERSION = YES;
				GCC_WARN_ABOUT_RETURN_TYPE = YES_ERROR;
				GCC_WARN_UNDECLARED_SELECTOR = YES;
				GCC_WARN_UNINITIALIZED_AUTOS = YES_AGGRESSIVE;
				GCC_WARN_UNUSED_FUNCTION = YES;
				GCC_WARN_UNUSED_VARIABLE = YES;
				IPHONEOS_DEPLOYMENT_TARGET = 16.2;
				MTL_ENABLE_DEBUG_INFO = NO;
				MTL_FAST_MATH = YES;
				SDKROOT = iphoneos;
				SWIFT_COMPILATION_MODE = wholemodule;
				SWIFT_OPTIMIZATION_LEVEL = "-O";
				VALIDATE_PRODUCT = YES;
			};
			name = Release;
		};
		3F165555299AB722007BCD71 /* Debug */ = {
			isa = XCBuildConfiguration;
			baseConfigurationReference = FE214F15FBCEF2711D089479 /* Pods-NoFlyZoneMap.debug.xcconfig */;
			buildSettings = {
				ASSETCATALOG_COMPILER_APPICON_NAME = AppIcon;
				ASSETCATALOG_COMPILER_GLOBAL_ACCENT_COLOR_NAME = AccentColor;
				CODE_SIGN_STYLE = Automatic;
				CURRENT_PROJECT_VERSION = 1;
				DEVELOPMENT_TEAM = 943T5JLT88;
				GENERATE_INFOPLIST_FILE = YES;
				INFOPLIST_FILE = NoFlyZoneMap/Info.plist;
				INFOPLIST_KEY_NSLocationWhenInUseUsageDescription = "Need user location to show center of map";
				INFOPLIST_KEY_UIApplicationSupportsIndirectInputEvents = YES;
				INFOPLIST_KEY_UILaunchStoryboardName = LaunchScreen;
				INFOPLIST_KEY_UIMainStoryboardFile = Main;
				INFOPLIST_KEY_UISupportedInterfaceOrientations_iPad = "UIInterfaceOrientationPortrait UIInterfaceOrientationPortraitUpsideDown UIInterfaceOrientationLandscapeLeft UIInterfaceOrientationLandscapeRight";
				INFOPLIST_KEY_UISupportedInterfaceOrientations_iPhone = "UIInterfaceOrientationPortrait UIInterfaceOrientationLandscapeLeft UIInterfaceOrientationLandscapeRight";
				IPHONEOS_DEPLOYMENT_TARGET = 13.1;
				LD_RUNPATH_SEARCH_PATHS = (
					"$(inherited)",
					"@executable_path/Frameworks",
				);
				MARKETING_VERSION = 1.0;
				MTL_ENABLE_DEBUG_INFO = NO;
				PRODUCT_BUNDLE_IDENTIFIER = DroneBuddy.NoFlyZoneMap;
				PRODUCT_NAME = "$(TARGET_NAME)";
				SWIFT_EMIT_LOC_STRINGS = YES;
				SWIFT_VERSION = 4.0;
				TARGETED_DEVICE_FAMILY = "1,2";
			};
			name = Debug;
		};
		3F165556299AB722007BCD71 /* Release */ = {
			isa = XCBuildConfiguration;
			baseConfigurationReference = 5E89EBE5EBE95857CFF1AF0C /* Pods-NoFlyZoneMap.release.xcconfig */;
			buildSettings = {
				ASSETCATALOG_COMPILER_APPICON_NAME = AppIcon;
				ASSETCATALOG_COMPILER_GLOBAL_ACCENT_COLOR_NAME = AccentColor;
				CODE_SIGN_STYLE = Automatic;
				CURRENT_PROJECT_VERSION = 1;
				DEVELOPMENT_TEAM = 943T5JLT88;
				GENERATE_INFOPLIST_FILE = YES;
				INFOPLIST_FILE = NoFlyZoneMap/Info.plist;
				INFOPLIST_KEY_NSLocationWhenInUseUsageDescription = "Need user location to show center of map";
				INFOPLIST_KEY_UIApplicationSupportsIndirectInputEvents = YES;
				INFOPLIST_KEY_UILaunchStoryboardName = LaunchScreen;
				INFOPLIST_KEY_UIMainStoryboardFile = Main;
				INFOPLIST_KEY_UISupportedInterfaceOrientations_iPad = "UIInterfaceOrientationPortrait UIInterfaceOrientationPortraitUpsideDown UIInterfaceOrientationLandscapeLeft UIInterfaceOrientationLandscapeRight";
				INFOPLIST_KEY_UISupportedInterfaceOrientations_iPhone = "UIInterfaceOrientationPortrait UIInterfaceOrientationLandscapeLeft UIInterfaceOrientationLandscapeRight";
				IPHONEOS_DEPLOYMENT_TARGET = 13.1;
				LD_RUNPATH_SEARCH_PATHS = (
					"$(inherited)",
					"@executable_path/Frameworks",
				);
				MARKETING_VERSION = 1.0;
				PRODUCT_BUNDLE_IDENTIFIER = DroneBuddy.NoFlyZoneMap;
				PRODUCT_NAME = "$(TARGET_NAME)";
				SWIFT_EMIT_LOC_STRINGS = YES;
				SWIFT_VERSION = 4.0;
				TARGETED_DEVICE_FAMILY = "1,2";
			};
			name = Release;
		};
/* End XCBuildConfiguration section */

/* Begin XCConfigurationList section */
		3F16553B299AB721007BCD71 /* Build configuration list for PBXProject "NoFlyZoneMap" */ = {
			isa = XCConfigurationList;
			buildConfigurations = (
				3F165552299AB722007BCD71 /* Debug */,
				3F165553299AB722007BCD71 /* Release */,
			);
			defaultConfigurationIsVisible = 0;
			defaultConfigurationName = Release;
		};
		3F165554299AB722007BCD71 /* Build configuration list for PBXNativeTarget "NoFlyZoneMap" */ = {
			isa = XCConfigurationList;
			buildConfigurations = (
				3F165555299AB722007BCD71 /* Debug */,
				3F165556299AB722007BCD71 /* Release */,
			);
			defaultConfigurationIsVisible = 0;
			defaultConfigurationName = Release;
		};
/* End XCConfigurationList section */
	};
	rootObject = 3F165538299AB721007BCD71 /* Project object */;
}
